
Microsoft Visual Studio Solution File, Format Version 12.00
# Visual Studio Version 17
VisualStudioVersion = 17.7.34009.444
MinimumVisualStudioVersion = 10.0.40219.1
Project("{9A19103F-16F7-4668-BE54-9A1E7A4F7556}") = "SubloaderWpf", "SubloaderWpf\SubloaderWpf.csproj", "{2793A000-A5EE-47FB-8AD3-5952FFFC3C05}"
EndProject
Project("{2150E333-8FDC-42A3-9474-1A3956D46DE8}") = "Solution Items", "Solution Items", "{63B9A7FC-E701-4B87-896B-C49031E68AD8}"
	ProjectSection(SolutionItems) = preProject
		.editorconfig = .editorconfig
	EndProjectSection
EndProject
Project("{9A19103F-16F7-4668-BE54-9A1E7A4F7556}") = "SubloaderCLI", "SubloaderCLI\SubloaderCLI.csproj", "{42EC7064-4992-45F3-8590-FFD092E9F194}"
EndProject
Project("{9A19103F-16F7-4668-BE54-9A1E7A4F7556}") = "OpenSubtitlesSharp", "OpenSubtitlesSharp\OpenSubtitlesSharp.csproj", "{72FC4CBB-5800-423B-B2BD-0B2FA21B5319}"
EndProject
Project("{9A19103F-16F7-4668-BE54-9A1E7A4F7556}") = "OpenSubtitlesSharp.Tests", "OpenSubtitlesSharp.Tests\OpenSubtitlesSharp.Tests.csproj", "{20E158EF-0408-4154-8136-ADC4F127592E}"
EndProject
Project("{9A19103F-16F7-4668-BE54-9A1E7A4F7556}") = "SubloaderAvalonia", "SubloaderAvalonia\SubloaderAvalonia.csproj", "{71839B7C-FE84-4AED-94A9-5B6B894D0633}"
EndProject
Project("{9A19103F-16F7-4668-BE54-9A1E7A4F7556}") = "SubloaderAvalonia.Desktop", "SubloaderAvalonia.Desktop\SubloaderAvalonia.Desktop.csproj", "{BB2A1F8A-0922-4259-9DEB-F7C2B232AC29}"
EndProject
Global
	GlobalSection(SolutionConfigurationPlatforms) = preSolution
		Debug|Any CPU = Debug|Any CPU
		Portable Debug|Any CPU = Portable Debug|Any CPU
		Portable Release|Any CPU = Portable Release|Any CPU
		Release|Any CPU = Release|Any CPU
		Scoop Debug|Any CPU = Scoop Debug|Any CPU
		Scoop Release|Any CPU = Scoop Release|Any CPU
	EndGlobalSection
	GlobalSection(ProjectConfigurationPlatforms) = postSolution
		{2793A000-A5EE-47FB-8AD3-5952FFFC3C05}.Debug|Any CPU.ActiveCfg = Debug|Any CPU
		{2793A000-A5EE-47FB-8AD3-5952FFFC3C05}.Debug|Any CPU.Build.0 = Debug|Any CPU
		{2793A000-A5EE-47FB-8AD3-5952FFFC3C05}.Portable Debug|Any CPU.ActiveCfg = Portable Release|Any CPU
		{2793A000-A5EE-47FB-8AD3-5952FFFC3C05}.Portable Debug|Any CPU.Build.0 = Portable Release|Any CPU
		{2793A000-A5EE-47FB-8AD3-5952FFFC3C05}.Portable Release|Any CPU.ActiveCfg = Portable Release|Any CPU
		{2793A000-A5EE-47FB-8AD3-5952FFFC3C05}.Portable Release|Any CPU.Build.0 = Portable Release|Any CPU
		{2793A000-A5EE-47FB-8AD3-5952FFFC3C05}.Release|Any CPU.ActiveCfg = Release|Any CPU
		{2793A000-A5EE-47FB-8AD3-5952FFFC3C05}.Release|Any CPU.Build.0 = Release|Any CPU
		{2793A000-A5EE-47FB-8AD3-5952FFFC3C05}.Scoop Debug|Any CPU.ActiveCfg = Scoop Release|Any CPU
		{2793A000-A5EE-47FB-8AD3-5952FFFC3C05}.Scoop Debug|Any CPU.Build.0 = Scoop Release|Any CPU
		{2793A000-A5EE-47FB-8AD3-5952FFFC3C05}.Scoop Release|Any CPU.ActiveCfg = Scoop Release|Any CPU
		{2793A000-A5EE-47FB-8AD3-5952FFFC3C05}.Scoop Release|Any CPU.Build.0 = Scoop Release|Any CPU
		{42EC7064-4992-45F3-8590-FFD092E9F194}.Debug|Any CPU.ActiveCfg = Debug|Any CPU
		{42EC7064-4992-45F3-8590-FFD092E9F194}.Debug|Any CPU.Build.0 = Debug|Any CPU
		{42EC7064-4992-45F3-8590-FFD092E9F194}.Portable Debug|Any CPU.ActiveCfg = Debug|Any CPU
		{42EC7064-4992-45F3-8590-FFD092E9F194}.Portable Debug|Any CPU.Build.0 = Debug|Any CPU
		{42EC7064-4992-45F3-8590-FFD092E9F194}.Portable Release|Any CPU.ActiveCfg = Release|Any CPU
		{42EC7064-4992-45F3-8590-FFD092E9F194}.Portable Release|Any CPU.Build.0 = Release|Any CPU
		{42EC7064-4992-45F3-8590-FFD092E9F194}.Release|Any CPU.ActiveCfg = Release|Any CPU
		{42EC7064-4992-45F3-8590-FFD092E9F194}.Release|Any CPU.Build.0 = Release|Any CPU
		{42EC7064-4992-45F3-8590-FFD092E9F194}.Scoop Debug|Any CPU.ActiveCfg = Debug|Any CPU
		{42EC7064-4992-45F3-8590-FFD092E9F194}.Scoop Debug|Any CPU.Build.0 = Debug|Any CPU
		{42EC7064-4992-45F3-8590-FFD092E9F194}.Scoop Release|Any CPU.ActiveCfg = Release|Any CPU
		{42EC7064-4992-45F3-8590-FFD092E9F194}.Scoop Release|Any CPU.Build.0 = Release|Any CPU
		{72FC4CBB-5800-423B-B2BD-0B2FA21B5319}.Debug|Any CPU.ActiveCfg = Debug|Any CPU
		{72FC4CBB-5800-423B-B2BD-0B2FA21B5319}.Debug|Any CPU.Build.0 = Debug|Any CPU
		{72FC4CBB-5800-423B-B2BD-0B2FA21B5319}.Portable Debug|Any CPU.ActiveCfg = Debug|Any CPU
		{72FC4CBB-5800-423B-B2BD-0B2FA21B5319}.Portable Debug|Any CPU.Build.0 = Debug|Any CPU
		{72FC4CBB-5800-423B-B2BD-0B2FA21B5319}.Portable Release|Any CPU.ActiveCfg = Release|Any CPU
		{72FC4CBB-5800-423B-B2BD-0B2FA21B5319}.Portable Release|Any CPU.Build.0 = Release|Any CPU
		{72FC4CBB-5800-423B-B2BD-0B2FA21B5319}.Release|Any CPU.ActiveCfg = Release|Any CPU
		{72FC4CBB-5800-423B-B2BD-0B2FA21B5319}.Release|Any CPU.Build.0 = Release|Any CPU
		{72FC4CBB-5800-423B-B2BD-0B2FA21B5319}.Scoop Debug|Any CPU.ActiveCfg = Debug|Any CPU
		{72FC4CBB-5800-423B-B2BD-0B2FA21B5319}.Scoop Debug|Any CPU.Build.0 = Debug|Any CPU
		{72FC4CBB-5800-423B-B2BD-0B2FA21B5319}.Scoop Release|Any CPU.ActiveCfg = Release|Any CPU
		{72FC4CBB-5800-423B-B2BD-0B2FA21B5319}.Scoop Release|Any CPU.Build.0 = Release|Any CPU
		{20E158EF-0408-4154-8136-ADC4F127592E}.Debug|Any CPU.ActiveCfg = Debug|Any CPU
		{20E158EF-0408-4154-8136-ADC4F127592E}.Debug|Any CPU.Build.0 = Debug|Any CPU
		{20E158EF-0408-4154-8136-ADC4F127592E}.Portable Debug|Any CPU.ActiveCfg = Debug|Any CPU
		{20E158EF-0408-4154-8136-ADC4F127592E}.Portable Debug|Any CPU.Build.0 = Debug|Any CPU
		{20E158EF-0408-4154-8136-ADC4F127592E}.Portable Release|Any CPU.ActiveCfg = Release|Any CPU
		{20E158EF-0408-4154-8136-ADC4F127592E}.Portable Release|Any CPU.Build.0 = Release|Any CPU
		{20E158EF-0408-4154-8136-ADC4F127592E}.Release|Any CPU.ActiveCfg = Release|Any CPU
		{20E158EF-0408-4154-8136-ADC4F127592E}.Release|Any CPU.Build.0 = Release|Any CPU
		{20E158EF-0408-4154-8136-ADC4F127592E}.Scoop Debug|Any CPU.ActiveCfg = Debug|Any CPU
		{20E158EF-0408-4154-8136-ADC4F127592E}.Scoop Debug|Any CPU.Build.0 = Debug|Any CPU
		{20E158EF-0408-4154-8136-ADC4F127592E}.Scoop Release|Any CPU.ActiveCfg = Release|Any CPU
		{20E158EF-0408-4154-8136-ADC4F127592E}.Scoop Release|Any CPU.Build.0 = Release|Any CPU
		{71839B7C-FE84-4AED-94A9-5B6B894D0633}.Debug|Any CPU.ActiveCfg = Debug|Any CPU
		{71839B7C-FE84-4AED-94A9-5B6B894D0633}.Debug|Any CPU.Build.0 = Debug|Any CPU
		{71839B7C-FE84-4AED-94A9-5B6B894D0633}.Portable Debug|Any CPU.ActiveCfg = Debug|Any CPU
		{71839B7C-FE84-4AED-94A9-5B6B894D0633}.Portable Debug|Any CPU.Build.0 = Debug|Any CPU
		{71839B7C-FE84-4AED-94A9-5B6B894D0633}.Portable Release|Any CPU.ActiveCfg = Release|Any CPU
		{71839B7C-FE84-4AED-94A9-5B6B894D0633}.Portable Release|Any CPU.Build.0 = Release|Any CPU
		{71839B7C-FE84-4AED-94A9-5B6B894D0633}.Release|Any CPU.ActiveCfg = Release|Any CPU
		{71839B7C-FE84-4AED-94A9-5B6B894D0633}.Release|Any CPU.Build.0 = Release|Any CPU
		{71839B7C-FE84-4AED-94A9-5B6B894D0633}.Scoop Debug|Any CPU.ActiveCfg = Debug|Any CPU
		{71839B7C-FE84-4AED-94A9-5B6B894D0633}.Scoop Debug|Any CPU.Build.0 = Debug|Any CPU
		{71839B7C-FE84-4AED-94A9-5B6B894D0633}.Scoop Release|Any CPU.ActiveCfg = Release|Any CPU
		{71839B7C-FE84-4AED-94A9-5B6B894D0633}.Scoop Release|Any CPU.Build.0 = Release|Any CPU
		{BB2A1F8A-0922-4259-9DEB-F7C2B232AC29}.Debug|Any CPU.ActiveCfg = Debug|Any CPU
		{BB2A1F8A-0922-4259-9DEB-F7C2B232AC29}.Debug|Any CPU.Build.0 = Debug|Any CPU
		{BB2A1F8A-0922-4259-9DEB-F7C2B232AC29}.Portable Debug|Any CPU.ActiveCfg = Debug|Any CPU
		{BB2A1F8A-0922-4259-9DEB-F7C2B232AC29}.Portable Debug|Any CPU.Build.0 = Debug|Any CPU
		{BB2A1F8A-0922-4259-9DEB-F7C2B232AC29}.Portable Release|Any CPU.ActiveCfg = Release|Any CPU
		{BB2A1F8A-0922-4259-9DEB-F7C2B232AC29}.Portable Release|Any CPU.Build.0 = Release|Any CPU
		{BB2A1F8A-0922-4259-9DEB-F7C2B232AC29}.Release|Any CPU.ActiveCfg = Release|Any CPU
		{BB2A1F8A-0922-4259-9DEB-F7C2B232AC29}.Release|Any CPU.Build.0 = Release|Any CPU
		{BB2A1F8A-0922-4259-9DEB-F7C2B232AC29}.Scoop Debug|Any CPU.ActiveCfg = Debug|Any CPU
		{BB2A1F8A-0922-4259-9DEB-F7C2B232AC29}.Scoop Debug|Any CPU.Build.0 = Debug|Any CPU
		{BB2A1F8A-0922-4259-9DEB-F7C2B232AC29}.Scoop Release|Any CPU.ActiveCfg = Release|Any CPU
		{BB2A1F8A-0922-4259-9DEB-F7C2B232AC29}.Scoop Release|Any CPU.Build.0 = Release|Any CPU
	EndGlobalSection
	GlobalSection(SolutionProperties) = preSolution
		HideSolutionNode = FALSE
	EndGlobalSection
	GlobalSection(ExtensibilityGlobals) = postSolution
		SolutionGuid = {B3074035-D832-4B49-9F9C-F49353674E24}
	EndGlobalSection
EndGlobal
