
Microsoft Visual Studio Solution File, Format Version 12.00
# Visual Studio Version 16
VisualStudioVersion = 16.0.29326.143
MinimumVisualStudioVersion = 10.0.40219.1
Project("{FAE04EC0-301F-11D3-BF4B-00C04F79EFBC}") = "SubLoad", "SubLoad\SubLoad.csproj", "{9550547E-41DC-4E46-B3A2-F328E75965C9}"
EndProject
Project("{FAE04EC0-301F-11D3-BF4B-00C04F79EFBC}") = "SubtitleSuppliers", "SubtitleSuppliers\SubtitleSuppliers.csproj", "{88C0E38B-0673-4664-A112-4AB711FED031}"
EndProject
Global
	GlobalSection(SolutionConfigurationPlatforms) = preSolution
		Debug|Any CPU = Debug|Any CPU
		Release|Any CPU = Release|Any CPU
	EndGlobalSection
	GlobalSection(ProjectConfigurationPlatforms) = postSolution
		{9550547E-41DC-4E46-B3A2-F328E75965C9}.Debug|Any CPU.ActiveCfg = Debug|Any CPU
		{9550547E-41DC-4E46-B3A2-F328E75965C9}.Debug|Any CPU.Build.0 = Debug|Any CPU
		{9550547E-41DC-4E46-B3A2-F328E75965C9}.Release|Any CPU.ActiveCfg = Release|Any CPU
		{9550547E-41DC-4E46-B3A2-F328E75965C9}.Release|Any CPU.Build.0 = Release|Any CPU
		{88C0E38B-0673-4664-A112-4AB711FED031}.Debug|Any CPU.ActiveCfg = Debug|Any CPU
		{88C0E38B-0673-4664-A112-4AB711FED031}.Debug|Any CPU.Build.0 = Debug|Any CPU
		{88C0E38B-0673-4664-A112-4AB711FED031}.Release|Any CPU.ActiveCfg = Release|Any CPU
		{88C0E38B-0673-4664-A112-4AB711FED031}.Release|Any CPU.Build.0 = Release|Any CPU
	EndGlobalSection
	GlobalSection(SolutionProperties) = preSolution
		HideSolutionNode = FALSE
	EndGlobalSection
	GlobalSection(ExtensibilityGlobals) = postSolution
		SolutionGuid = {B3074035-D832-4B49-9F9C-F49353674E24}
	EndGlobalSection
EndGlobal
